
Microsoft Visual Studio Solution File, Format Version 12.00
# Visual Studio Version 16
VisualStudioVersion = 16.0.29709.97
MinimumVisualStudioVersion = 10.0.40219.1
Project("{9A19103F-16F7-4668-BE54-9A1E7A4F7556}") = "CSharpToday.FunctionAppBackend", "CSharpToday.FunctionAppBackend\CSharpToday.FunctionAppBackend.csproj", "{B74D49F1-5643-4FCD-84CA-07218A2D93E6}"
EndProject
Global
	GlobalSection(SolutionConfigurationPlatforms) = preSolution
		Debug|Any CPU = Debug|Any CPU
		Release|Any CPU = Release|Any CPU
	EndGlobalSection
	GlobalSection(ProjectConfigurationPlatforms) = postSolution
		{B74D49F1-5643-4FCD-84CA-07218A2D93E6}.Debug|Any CPU.ActiveCfg = Debug|Any CPU
		{B74D49F1-5643-4FCD-84CA-07218A2D93E6}.Debug|Any CPU.Build.0 = Debug|Any CPU
		{B74D49F1-5643-4FCD-84CA-07218A2D93E6}.Release|Any CPU.ActiveCfg = Release|Any CPU
		{B74D49F1-5643-4FCD-84CA-07218A2D93E6}.Release|Any CPU.Build.0 = Release|Any CPU
	EndGlobalSection
	GlobalSection(SolutionProperties) = preSolution
		HideSolutionNode = FALSE
	EndGlobalSection
	GlobalSection(ExtensibilityGlobals) = postSolution
		SolutionGuid = {71B0B6DA-95FD-4866-A8EC-1D269F9E5855}
	EndGlobalSection
EndGlobal
